// !$*UTF8*$!
{
	archiveVersion = 1;
	classes = {
	};
	objectVersion = 46;
	objects = {

/* Begin PBXBuildFile section */
		F597153F1DF449E400648CBA /* AppDelegate.swift in Sources */ = {isa = PBXBuildFile; fileRef = F597153E1DF449E400648CBA /* AppDelegate.swift */; };
		F59715411DF449E400648CBA /* ViewController.swift in Sources */ = {isa = PBXBuildFile; fileRef = F59715401DF449E400648CBA /* ViewController.swift */; };
		F59715441DF449E400648CBA /* Main.storyboard in Resources */ = {isa = PBXBuildFile; fileRef = F59715421DF449E400648CBA /* Main.storyboard */; };
		F59715461DF449E400648CBA /* Assets.xcassets in Resources */ = {isa = PBXBuildFile; fileRef = F59715451DF449E400648CBA /* Assets.xcassets */; };
		F59715491DF449E400648CBA /* LaunchScreen.storyboard in Resources */ = {isa = PBXBuildFile; fileRef = F59715471DF449E400648CBA /* LaunchScreen.storyboard */; };
/* End PBXBuildFile section */

/* Begin PBXFileReference section */
		F597153B1DF449E400648CBA /* learningToCode.app */ = {isa = PBXFileReference; explicitFileType = wrapper.application; includeInIndex = 0; path = learningToCode.app; sourceTree = BUILT_PRODUCTS_DIR; };
		F597153E1DF449E400648CBA /* AppDelegate.swift */ = {isa = PBXFileReference; lastKnownFileType = sourcecode.swift; path = AppDelegate.swift; sourceTree = "<group>"; };
		F59715401DF449E400648CBA /* ViewController.swift */ = {isa = PBXFileReference; lastKnownFileType = sourcecode.swift; path = ViewController.swift; sourceTree = "<group>"; };
		F59715431DF449E400648CBA /* Base */ = {isa = PBXFileReference; lastKnownFileType = file.storyboard; name = Base; path = Base.lproj/Main.storyboard; sourceTree = "<group>"; };
		F59715451DF449E400648CBA /* Assets.xcassets */ = {isa = PBXFileReference; lastKnownFileType = folder.assetcatalog; path = Assets.xcassets; sourceTree = "<group>"; };
		F59715481DF449E400648CBA /* Base */ = {isa = PBXFileReference; lastKnownFileType = file.storyboard; name = Base; path = Base.lproj/LaunchScreen.storyboard; sourceTree = "<group>"; };
		F597154A1DF449E400648CBA /* Info.plist */ = {isa = PBXFileReference; lastKnownFileType = text.plist.xml; path = Info.plist; sourceTree = "<group>"; };
/* End PBXFileReference section */

/* Begin PBXFrameworksBuildPhase section */
		F59715381DF449E400648CBA /* Frameworks */ = {
			isa = PBXFrameworksBuildPhase;
			buildActionMask = 2147483647;
			files = (
			);
			runOnlyForDeploymentPostprocessing = 0;
		};
/* End PBXFrameworksBuildPhase section */

/* Begin PBXGroup section */
		F59715321DF449E400648CBA = {
			isa = PBXGroup;
			children = (
				F597153D1DF449E400648CBA /* learningToCode */,
				F597153C1DF449E400648CBA /* Products */,
			);
			sourceTree = "<group>";
		};
		F597153C1DF449E400648CBA /* Products */ = {
			isa = PBXGroup;
			children = (
				F597153B1DF449E400648CBA /* learningToCode.app */,
			);
			name = Products;
			sourceTree = "<group>";
		};
		F597153D1DF449E400648CBA /* learningToCode */ = {
			isa = PBXGroup;
			children = (
				F597153E1DF449E400648CBA /* AppDelegate.swift */,
				F59715401DF449E400648CBA /* ViewController.swift */,
				F59715421DF449E400648CBA /* Main.storyboard */,
				F59715451DF449E400648CBA /* Assets.xcassets */,
				F59715471DF449E400648CBA /* LaunchScreen.storyboard */,
				F597154A1DF449E400648CBA /* Info.plist */,
			);
			path = learningToCode;
			sourceTree = "<group>";
		};
/* End PBXGroup section */

/* Begin PBXNativeTarget section */
		F597153A1DF449E400648CBA /* learningToCode */ = {
			isa = PBXNativeTarget;
			buildConfigurationList = F597154D1DF449E400648CBA /* Build configuration list for PBXNativeTarget "learningToCode" */;
			buildPhases = (
				F59715371DF449E400648CBA /* Sources */,
				F59715381DF449E400648CBA /* Frameworks */,
				F59715391DF449E400648CBA /* Resources */,
			);
			buildRules = (
			);
			dependencies = (
			);
			name = learningToCode;
			productName = learningToCode;
			productReference = F597153B1DF449E400648CBA /* learningToCode.app */;
			productType = "com.apple.product-type.application";
		};
/* End PBXNativeTarget section */

/* Begin PBXProject section */
		F59715331DF449E400648CBA /* Project object */ = {
			isa = PBXProject;
			attributes = {
				LastSwiftUpdateCheck = 0810;
				LastUpgradeCheck = 0810;
				ORGANIZATIONNAME = "Themba Hinke";
				TargetAttributes = {
					F597153A1DF449E400648CBA = {
						CreatedOnToolsVersion = 8.1;
						ProvisioningStyle = Automatic;
					};
				};
			};
			buildConfigurationList = F59715361DF449E400648CBA /* Build configuration list for PBXProject "learningToCode" */;
			compatibilityVersion = "Xcode 3.2";
			developmentRegion = English;
			hasScannedForEncodings = 0;
			knownRegions = (
				en,
				Base,
			);
			mainGroup = F59715321DF449E400648CBA;
			productRefGroup = F597153C1DF449E400648CBA /* Products */;
			projectDirPath = "";
			projectRoot = "";
			targets = (
				F597153A1DF449E400648CBA /* learningToCode */,
			);
		};
/* End PBXProject section */

/* Begin PBXResourcesBuildPhase section */
		F59715391DF449E400648CBA /* Resources */ = {
			isa = PBXResourcesBuildPhase;
			buildActionMask = 2147483647;
			files = (
				F59715491DF449E400648CBA /* LaunchScreen.storyboard in Resources */,
				F59715461DF449E400648CBA /* Assets.xcassets in Resources */,
				F59715441DF449E400648CBA /* Main.storyboard in Resources */,
			);
			runOnlyForDeploymentPostprocessing = 0;
		};
/* End PBXResourcesBuildPhase section */

/* Begin PBXSourcesBuildPhase section */
		F59715371DF449E400648CBA /* Sources */ = {
			isa = PBXSourcesBuildPhase;
			buildActionMask = 2147483647;
			files = (
				F59715411DF449E400648CBA /* ViewController.swift in Sources */,
				F597153F1DF449E400648CBA /* AppDelegate.swift in Sources */,
			);
			runOnlyForDeploymentPostprocessing = 0;
		};
/* End PBXSourcesBuildPhase section */

/* Begin PBXVariantGroup section */
		F59715421DF449E400648CBA /* Main.storyboard */ = {
			isa = PBXVariantGroup;
			children = (
				F59715431DF449E400648CBA /* Base */,
			);
			name = Main.storyboard;
			sourceTree = "<group>";
		};
		F59715471DF449E400648CBA /* LaunchScreen.storyboard */ = {
			isa = PBXVariantGroup;
			children = (
				F59715481DF449E400648CBA /* Base */,
			);
			name = LaunchScreen.storyboard;
			sourceTree = "<group>";
		};
/* End PBXVariantGroup section */

/* Begin XCBuildConfiguration section */
		F597154B1DF449E400648CBA /* Debug */ = {
			isa = XCBuildConfiguration;
			buildSettings = {
				ALWAYS_SEARCH_USER_PATHS = NO;
				CLANG_ANALYZER_NONNULL = YES;
				CLANG_CXX_LANGUAGE_STANDARD = "gnu++0x";
				CLANG_CXX_LIBRARY = "libc++";
				CLANG_ENABLE_MODULES = YES;
				CLANG_ENABLE_OBJC_ARC = YES;
				CLANG_WARN_BOOL_CONVERSION = YES;
				CLANG_WARN_CONSTANT_CONVERSION = YES;
				CLANG_WARN_DIRECT_OBJC_ISA_USAGE = YES_ERROR;
				CLANG_WARN_DOCUMENTATION_COMMENTS = YES;
				CLANG_WARN_EMPTY_BODY = YES;
				CLANG_WARN_ENUM_CONVERSION = YES;
				CLANG_WARN_INFINITE_RECURSION = YES;
				CLANG_WARN_INT_CONVERSION = YES;
				CLANG_WARN_OBJC_ROOT_CLASS = YES_ERROR;
				CLANG_WARN_SUSPICIOUS_MOVES = YES;
				CLANG_WARN_UNREACHABLE_CODE = YES;
				CLANG_WARN__DUPLICATE_METHOD_MATCH = YES;
				"CODE_SIGN_IDENTITY[sdk=iphoneos*]" = "iPhone Developer";
				COPY_PHASE_STRIP = NO;
				DEBUG_INFORMATION_FORMAT = dwarf;
				ENABLE_STRICT_OBJC_MSGSEND = YES;
				ENABLE_TESTABILITY = YES;
				GCC_C_LANGUAGE_STANDARD = gnu99;
				GCC_DYNAMIC_NO_PIC = NO;
				GCC_NO_COMMON_BLOCKS = YES;
				GCC_OPTIMIZATION_LEVEL = 0;
				GCC_PREPROCESSOR_DEFINITIONS = (
					"DEBUG=1",
					"$(inherited)",
				);
				GCC_WARN_64_TO_32_BIT_CONVERSION = YES;
				GCC_WARN_ABOUT_RETURN_TYPE = YES_ERROR;
				GCC_WARN_UNDECLARED_SELECTOR = YES;
				GCC_WARN_UNINITIALIZED_AUTOS = YES_AGGRESSIVE;
				GCC_WARN_UNUSED_FUNCTION = YES;
				GCC_WARN_UNUSED_VARIABLE = YES;
				IPHONEOS_DEPLOYMENT_TARGET = 10.1;
				MTL_ENABLE_DEBUG_INFO = YES;
				ONLY_ACTIVE_ARCH = YES;
				SDKROOT = iphoneos;
				SWIFT_ACTIVE_COMPILATION_CONDITIONS = DEBUG;
				SWIFT_OPTIMIZATION_LEVEL = "-Onone";
				TARGETED_DEVICE_FAMILY = 2;
			};
			name = Debug;
		};
		F597154C1DF449E400648CBA /* Release */ = {
			isa = XCBuildConfiguration;
			buildSettings = {
				ALWAYS_SEARCH_USER_PATHS = NO;
				CLANG_ANALYZER_NONNULL = YES;
				CLANG_CXX_LANGUAGE_STANDARD = "gnu++0x";
				CLANG_CXX_LIBRARY = "libc++";
				CLANG_ENABLE_MODULES = YES;
				CLANG_ENABLE_OBJC_ARC = YES;
				CLANG_WARN_BOOL_CONVERSION = YES;
				CLANG_WARN_CONSTANT_CONVERSION = YES;
				CLANG_WARN_DIRECT_OBJC_ISA_USAGE = YES_ERROR;
				CLANG_WARN_DOCUMENTATION_COMMENTS = YES;
				CLANG_WARN_EMPTY_BODY = YES;
				CLANG_WARN_ENUM_CONVERSION = YES;
				CLANG_WARN_INFINITE_RECURSION = YES;
				CLANG_WARN_INT_CONVERSION = YES;
				CLANG_WARN_OBJC_ROOT_CLASS = YES_ERROR;
				CLANG_WARN_SUSPICIOUS_MOVES = YES;
				CLANG_WARN_UNREACHABLE_CODE = YES;
				CLANG_WARN__DUPLICATE_METHOD_MATCH = YES;
				"CODE_SIGN_IDENTITY[sdk=iphoneos*]" = "iPhone Developer";
				COPY_PHASE_STRIP = NO;
				DEBUG_INFORMATION_FORMAT = "dwarf-with-dsym";
				ENABLE_NS_ASSERTIONS = NO;
				ENABLE_STRICT_OBJC_MSGSEND = YES;
				GCC_C_LANGUAGE_STANDARD = gnu99;
				GCC_NO_COMMON_BLOCKS = YES;
				GCC_WARN_64_TO_32_BIT_CONVERSION = YES;
				GCC_WARN_ABOUT_RETURN_TYPE = YES_ERROR;
				GCC_WARN_UNDECLARED_SELECTOR = YES;
				GCC_WARN_UNINITIALIZED_AUTOS = YES_AGGRESSIVE;
				GCC_WARN_UNUSED_FUNCTION = YES;
				GCC_WARN_UNUSED_VARIABLE = YES;
				IPHONEOS_DEPLOYMENT_TARGET = 10.1;
				MTL_ENABLE_DEBUG_INFO = NO;
				SDKROOT = iphoneos;
				SWIFT_OPTIMIZATION_LEVEL = "-Owholemodule";
				TARGETED_DEVICE_FAMILY = 2;
				VALIDATE_PRODUCT = YES;
			};
			name = Release;
		};
		F597154E1DF449E400648CBA /* Debug */ = {
			isa = XCBuildConfiguration;
			buildSettings = {
				ASSETCATALOG_COMPILER_APPICON_NAME = AppIcon;
				INFOPLIST_FILE = learningToCode/Info.plist;
				LD_RUNPATH_SEARCH_PATHS = "$(inherited) @executable_path/Frameworks";
				PRODUCT_BUNDLE_IDENTIFIER = ProjectThemba.learningToCode;
				PRODUCT_NAME = "$(TARGET_NAME)";
				SWIFT_VERSION = 3.0;
			};
			name = Debug;
		};
		F597154F1DF449E400648CBA /* Release */ = {
			isa = XCBuildConfiguration;
			buildSettings = {
				ASSETCATALOG_COMPILER_APPICON_NAME = AppIcon;
				INFOPLIST_FILE = learningToCode/Info.plist;
				LD_RUNPATH_SEARCH_PATHS = "$(inherited) @executable_path/Frameworks";
				PRODUCT_BUNDLE_IDENTIFIER = ProjectThemba.learningToCode;
				PRODUCT_NAME = "$(TARGET_NAME)";
				SWIFT_VERSION = 3.0;
			};
			name = Release;
		};
/* End XCBuildConfiguration section */

/* Begin XCConfigurationList section */
		F59715361DF449E400648CBA /* Build configuration list for PBXProject "learningToCode" */ = {
			isa = XCConfigurationList;
			buildConfigurations = (
				F597154B1DF449E400648CBA /* Debug */,
				F597154C1DF449E400648CBA /* Release */,
			);
			defaultConfigurationIsVisible = 0;
			defaultConfigurationName = Release;
		};
		F597154D1DF449E400648CBA /* Build configuration list for PBXNativeTarget "learningToCode" */ = {
			isa = XCConfigurationList;
			buildConfigurations = (
				F597154E1DF449E400648CBA /* Debug */,
				F597154F1DF449E400648CBA /* Release */,
			);
			defaultConfigurationIsVisible = 0;
		};
/* End XCConfigurationList section */
	};
	rootObject = F59715331DF449E400648CBA /* Project object */;
}
